{
  "name": "PawfficeHQ",
  "lockfileVersion": 2,
  "requires": true,
  "packages": {
    "": {
      "dependencies": {
        "@fullcalendar/react": "^7.0.2",
        "@supabase/supabase-js": "^2.111.0",
        "temporal-polyfill": "^1.0.3"
      }
    },
    "node_modules/@full-ui/headless-calendar": {
      "version": "7.0.2",
      "resolved": "https://registry.npmjs.org/@full-ui/headless-calendar/-/headless-calendar-7.0.2.tgz",
      "integrity": "sha512-i6UlTNjBVuiBca5Sq6OoLxFqK6eaQ/v1XOLObjRkzXLuSuNn+qs9/dUvlzrbeesn7QbRH7+u7lyvlQyq8WvmGA==",
      "peerDependencies": {
        "temporal-polyfill": "^1.0.1"
      }
    },
    "node_modules/@fullcalendar/core": {
      "version": "7.0.2",
      "resolved": "https://registry.npmjs.org/@fullcalendar/core/-/core-7.0.2.tgz",
      "integrity": "sha512-EkhE1wkPttp5kKNmUNLsMwl8nUuQmLdj30SPKagOEWMJUE4AHETAu/F/SbYoRq+nksm2GWPe9cQs1kbQP2H9pA==",
      "peerDependencies": {
        "@full-ui/headless-calendar": "7.0.2",
        "temporal-polyfill": "^1.0.1"
      }
    },
    "node_modules/@fullcalendar/react": {
      "version": "7.0.2",
      "resolved": "https://registry.npmjs.org/@fullcalendar/react/-/react-7.0.2.tgz",
      "integrity": "sha512-+etsJS6UsS1asxpEJt2h/vH/OCC/lqb8OCO/Xv7Mwb7GeJnR25iwBDEZmMKKmxNjJ2o8eU3uNGl/e7551eAt3A==",
      "dependencies": {
        "@full-ui/headless-calendar": "7.0.2",
        "@fullcalendar/core": "7.0.2"
      },
      "peerDependencies": {
        "react": "^17 || ^18 || ^19",
        "react-dom": "^17 || ^18 || ^19",
        "temporal-polyfill": "^1.0.1"
      }
    },
    "node_modules/@supabase/auth-js": {
      "version": "2.111.0",
      "resolved": "https://registry.npmjs.org/@supabase/auth-js/-/auth-js-2.111.0.tgz",
      "integrity": "sha512-hbRLgyQZEX0SDyF4LYXpv94qOIQyFATfpT5SIs2V0SisHnisVRkYgiPQWzv80l4S2mO3qof78rmoH9j5zoFsYQ==",
      "dependencies": {
        "tslib": "2.8.1"
      },
      "engines": {
        "node": ">=22.0.0"
      }
    },
    "node_modules/@supabase/functions-js": {
      "version": "2.111.0",
      "resolved": "https://registry.npmjs.org/@supabase/functions-js/-/functions-js-2.111.0.tgz",
      "integrity": "sha512-RW/OCsd6MO592zU8ifzP8/f8XzxxIdpb+Up5XaOtE26Fw+3zTp475WX7+GuuktiD1WF8pFUDe6khUPbMp77RCw==",
      "dependencies": {
        "tslib": "2.8.1"
      },
      "engines": {
        "node": ">=22.0.0"
      }
    },
    "node_modules/@supabase/phoenix": {
      "version": "0.4.5",
      "resolved": "https://registry.npmjs.org/@supabase/phoenix/-/phoenix-0.4.5.tgz",
      "integrity": "sha512-aAn9H9ovVyeApKy11OWOrrOGq8DV68yWeH4ud2lN9fzn4aO8Zb5GLL9m1pUg9nLqIcT+ZDfAcsZe0E/nqdv2lw=="
    },
    "node_modules/@supabase/postgrest-js": {
      "version": "2.111.0",
      "resolved": "https://registry.npmjs.org/@supabase/postgrest-js/-/postgrest-js-2.111.0.tgz",
      "integrity": "sha512-pcqeDsnWP0lx9GawduYxNZJHeuTm53O7L0SC8RF8tniV3GWIPY6me6OTdnwzdwNUmNy1dzUVtSyIfE6+OflzPQ==",
      "dependencies": {
        "tslib": "2.8.1"
      },
      "engines": {
        "node": ">=22.0.0"
      }
    },
    "node_modules/@supabase/realtime-js": {
      "version": "2.111.0",
      "resolved": "https://registry.npmjs.org/@supabase/realtime-js/-/realtime-js-2.111.0.tgz",
      "integrity": "sha512-6oRf/vZyRwg8f8GbFSJkrD2w4HAu/yTvyMViHXHS+H5hNJzdXCrUR7cP5oW7daT3YlRnzRPY9LcGSJKZAmfMSg==",
      "dependencies": {
        "@supabase/phoenix": "0.4.5",
        "tslib": "2.8.1"
      },
      "engines": {
        "node": ">=22.0.0"
      }
    },
    "node_modules/@supabase/storage-js": {
      "version": "2.111.0",
      "resolved": "https://registry.npmjs.org/@supabase/storage-js/-/storage-js-2.111.0.tgz",
      "integrity": "sha512-UEViNmTzVOxE8dqUA81wls+n9xgmlvSFfhfwo6QxrO4kQOytCYyw3ciYFoi4XoD4Jl95NJ3jnndHN5iIudWzqw==",
      "dependencies": {
        "iceberg-js": "^0.8.1",
        "tslib": "2.8.1"
      },
      "engines": {
        "node": ">=22.0.0"
      }
    },
    "node_modules/@supabase/supabase-js": {
      "version": "2.111.0",
      "resolved": "https://registry.npmjs.org/@supabase/supabase-js/-/supabase-js-2.111.0.tgz",
      "integrity": "sha512-9q0/AULthQnWeiDh1vGyjoJZbSY04bu6qHcWit70pqEYn5Kv/dkCPY62Ja1123jEnJbB9Vd2pjY7Kvk/lK3peA==",
      "dependencies": {
        "@supabase/auth-js": "2.111.0",
        "@supabase/functions-js": "2.111.0",
        "@supabase/postgrest-js": "2.111.0",
        "@supabase/realtime-js": "2.111.0",
        "@supabase/storage-js": "2.111.0"
      },
      "engines": {
        "node": ">=22.0.0"
      }
    },
    "node_modules/iceberg-js": {
      "version": "0.8.1",
      "resolved": "https://registry.npmjs.org/iceberg-js/-/iceberg-js-0.8.1.tgz",
      "integrity": "sha512-1dhVQZXhcHje7798IVM+xoo/1ZdVfzOMIc8/rgVSijRK38EDqOJoGula9N/8ZI5RD8QTxNQtK/Gozpr+qUqRRA==",
      "engines": {
        "node": ">=20.0.0"
      }
    },
    "node_modules/react": {
      "version": "19.2.8",
      "resolved": "https://registry.npmjs.org/react/-/react-19.2.8.tgz",
      "integrity": "sha512-PWaYA1L/q9u2u7xYQi+Y3L3Yfnie7XyLeaJICV1MGD6LprsBxcAqGjYyr0eY3p+QdsA+x/Irkt4Qif8D63+Sbw==",
      "peer": true,
      "engines": {
        "node": ">=0.10.0"
      }
    },
    "node_modules/react-dom": {
      "version": "19.2.8",
      "resolved": "https://registry.npmjs.org/react-dom/-/react-dom-19.2.8.tgz",
      "integrity": "sha512-rVprimfGBG3DR+Tq0IQG2DT5PxKth1WIGDmj5yPmlzr4YBe7uyE+Du4oVqTDXZSHGGGXRtTJEGSSePyQCMBglQ==",
      "peer": true,
      "dependencies": {
        "scheduler": "^0.27.0"
      },
      "peerDependencies": {
        "react": "^19.2.8"
      }
    },
    "node_modules/scheduler": {
      "version": "0.27.0",
      "resolved": "https://registry.npmjs.org/scheduler/-/scheduler-0.27.0.tgz",
      "integrity": "sha512-eNv+WrVbKu1f3vbYJT/xtiF5syA5HPIMtf9IgY/nKg0sWqzAUEvqY/xm7OcZc/qafLx/iO9FgOmeSAp4v5ti/Q==",
      "peer": true
    },
    "node_modules/temporal-polyfill": {
      "version": "1.0.3",
      "resolved": "https://registry.npmjs.org/temporal-polyfill/-/temporal-polyfill-1.0.3.tgz",
      "integrity": "sha512-U8vuzZBc+dfMIfl8wXWcedfI7AJCxJjjVBIRpJUvIz5+UAp555UJDHguKsfZqHWaHRSdVUThm7mqqIWhN/xPBQ==",
      "dependencies": {
        "temporal-spec": "1.0.1",
        "temporal-utils": "1.0.1"
      }
    },
    "node_modules/temporal-spec": {
      "version": "1.0.1",
      "resolved": "https://registry.npmjs.org/temporal-spec/-/temporal-spec-1.0.1.tgz",
      "integrity": "sha512-wxVoanmDeavXie1vu2JaQ3WIc3JZnWAOYFBsJyATaVsXsycKYUflGsyBmrRSnoCpZJpwPyr38VpgSUlQ8CbFxg=="
    },
    "node_modules/temporal-utils": {
      "version": "1.0.1",
      "resolved": "https://registry.npmjs.org/temporal-utils/-/temporal-utils-1.0.1.tgz",
      "integrity": "sha512-HAixuesxFQIUaQk3ptX2jhfO/FsOkgVkDDMawvp6n/fkB1q6BKfs3lURw9I+pK/2e2e/q/vrLrxmeqauBoyGMQ=="
    },
    "node_modules/tslib": {
      "version": "2.8.1",
      "resolved": "https://registry.npmjs.org/tslib/-/tslib-2.8.1.tgz",
      "integrity": "sha512-oJFu94HQb+KVduSUQL7wnpmqnfmLsOA/nAh6b6EH0wCEoK0/mPeXU6c3wKDV83MkOuHPRHtSXKKU99IBazS/2w=="
    }
  },
  "dependencies": {
    "@full-ui/headless-calendar": {
      "version": "7.0.2",
      "resolved": "https://registry.npmjs.org/@full-ui/headless-calendar/-/headless-calendar-7.0.2.tgz",
      "integrity": "sha512-i6UlTNjBVuiBca5Sq6OoLxFqK6eaQ/v1XOLObjRkzXLuSuNn+qs9/dUvlzrbeesn7QbRH7+u7lyvlQyq8WvmGA==",
      "requires": {}
    },
    "@fullcalendar/core": {
      "version": "7.0.2",
      "resolved": "https://registry.npmjs.org/@fullcalendar/core/-/core-7.0.2.tgz",
      "integrity": "sha512-EkhE1wkPttp5kKNmUNLsMwl8nUuQmLdj30SPKagOEWMJUE4AHETAu/F/SbYoRq+nksm2GWPe9cQs1kbQP2H9pA==",
      "requires": {}
    },
    "@fullcalendar/react": {
      "version": "7.0.2",
      "resolved": "https://registry.npmjs.org/@fullcalendar/react/-/react-7.0.2.tgz",
      "integrity": "sha512-+etsJS6UsS1asxpEJt2h/vH/OCC/lqb8OCO/Xv7Mwb7GeJnR25iwBDEZmMKKmxNjJ2o8eU3uNGl/e7551eAt3A==",
      "requires": {
        "@full-ui/headless-calendar": "7.0.2",
        "@fullcalendar/core": "7.0.2"
      }
    },
    "@supabase/auth-js": {
      "version": "2.111.0",
      "resolved": "https://registry.npmjs.org/@supabase/auth-js/-/auth-js-2.111.0.tgz",
      "integrity": "sha512-hbRLgyQZEX0SDyF4LYXpv94qOIQyFATfpT5SIs2V0SisHnisVRkYgiPQWzv80l4S2mO3qof78rmoH9j5zoFsYQ==",
      "requires": {
        "tslib": "2.8.1"
      }
    },
    "@supabase/functions-js": {
      "version": "2.111.0",
      "resolved": "https://registry.npmjs.org/@supabase/functions-js/-/functions-js-2.111.0.tgz",
      "integrity": "sha512-RW/OCsd6MO592zU8ifzP8/f8XzxxIdpb+Up5XaOtE26Fw+3zTp475WX7+GuuktiD1WF8pFUDe6khUPbMp77RCw==",
      "requires": {
        "tslib": "2.8.1"
      }
    },
    "@supabase/phoenix": {
      "version": "0.4.5",
      "resolved": "https://registry.npmjs.org/@supabase/phoenix/-/phoenix-0.4.5.tgz",
      "integrity": "sha512-aAn9H9ovVyeApKy11OWOrrOGq8DV68yWeH4ud2lN9fzn4aO8Zb5GLL9m1pUg9nLqIcT+ZDfAcsZe0E/nqdv2lw=="
    },
    "@supabase/postgrest-js": {
      "version": "2.111.0",
      "resolved": "https://registry.npmjs.org/@supabase/postgrest-js/-/postgrest-js-2.111.0.tgz",
      "integrity": "sha512-pcqeDsnWP0lx9GawduYxNZJHeuTm53O7L0SC8RF8tniV3GWIPY6me6OTdnwzdwNUmNy1dzUVtSyIfE6+OflzPQ==",
      "requires": {
        "tslib": "2.8.1"
      }
    },
    "@supabase/realtime-js": {
      "version": "2.111.0",
      "resolved": "https://registry.npmjs.org/@supabase/realtime-js/-/realtime-js-2.111.0.tgz",
      "integrity": "sha512-6oRf/vZyRwg8f8GbFSJkrD2w4HAu/yTvyMViHXHS+H5hNJzdXCrUR7cP5oW7daT3YlRnzRPY9LcGSJKZAmfMSg==",
      "requires": {
        "@supabase/phoenix": "0.4.5",
        "tslib": "2.8.1"
      }
    },
    "@supabase/storage-js": {
      "version": "2.111.0",
      "resolved": "https://registry.npmjs.org/@supabase/storage-js/-/storage-js-2.111.0.tgz",
      "integrity": "sha512-UEViNmTzVOxE8dqUA81wls+n9xgmlvSFfhfwo6QxrO4kQOytCYyw3ciYFoi4XoD4Jl95NJ3jnndHN5iIudWzqw==",
      "requires": {
        "iceberg-js": "^0.8.1",
        "tslib": "2.8.1"
      }
    },
    "@supabase/supabase-js": {
      "version": "2.111.0",
      "resolved": "https://registry.npmjs.org/@supabase/supabase-js/-/supabase-js-2.111.0.tgz",
      "integrity": "sha512-9q0/AULthQnWeiDh1vGyjoJZbSY04bu6qHcWit70pqEYn5Kv/dkCPY62Ja1123jEnJbB9Vd2pjY7Kvk/lK3peA==",
      "requires": {
        "@supabase/auth-js": "2.111.0",
        "@supabase/functions-js": "2.111.0",
        "@supabase/postgrest-js": "2.111.0",
        "@supabase/realtime-js": "2.111.0",
        "@supabase/storage-js": "2.111.0"
      }
    },
    "iceberg-js": {
      "version": "0.8.1",
      "resolved": "https://registry.npmjs.org/iceberg-js/-/iceberg-js-0.8.1.tgz",
      "integrity": "sha512-1dhVQZXhcHje7798IVM+xoo/1ZdVfzOMIc8/rgVSijRK38EDqOJoGula9N/8ZI5RD8QTxNQtK/Gozpr+qUqRRA=="
    },
    "react": {
      "version": "19.2.8",
      "resolved": "https://registry.npmjs.org/react/-/react-19.2.8.tgz",
      "integrity": "sha512-PWaYA1L/q9u2u7xYQi+Y3L3Yfnie7XyLeaJICV1MGD6LprsBxcAqGjYyr0eY3p+QdsA+x/Irkt4Qif8D63+Sbw==",
      "peer": true
    },
    "react-dom": {
      "version": "19.2.8",
      "resolved": "https://registry.npmjs.org/react-dom/-/react-dom-19.2.8.tgz",
      "integrity": "sha512-rVprimfGBG3DR+Tq0IQG2DT5PxKth1WIGDmj5yPmlzr4YBe7uyE+Du4oVqTDXZSHGGGXRtTJEGSSePyQCMBglQ==",
      "peer": true,
      "requires": {
        "scheduler": "^0.27.0"
      }
    },
    "scheduler": {
      "version": "0.27.0",
      "resolved": "https://registry.npmjs.org/scheduler/-/scheduler-0.27.0.tgz",
      "integrity": "sha512-eNv+WrVbKu1f3vbYJT/xtiF5syA5HPIMtf9IgY/nKg0sWqzAUEvqY/xm7OcZc/qafLx/iO9FgOmeSAp4v5ti/Q==",
      "peer": true
    },
    "temporal-polyfill": {
      "version": "1.0.3",
      "resolved": "https://registry.npmjs.org/temporal-polyfill/-/temporal-polyfill-1.0.3.tgz",
      "integrity": "sha512-U8vuzZBc+dfMIfl8wXWcedfI7AJCxJjjVBIRpJUvIz5+UAp555UJDHguKsfZqHWaHRSdVUThm7mqqIWhN/xPBQ==",
      "requires": {
        "temporal-spec": "1.0.1",
        "temporal-utils": "1.0.1"
      }
    },
    "temporal-spec": {
      "version": "1.0.1",
      "resolved": "https://registry.npmjs.org/temporal-spec/-/temporal-spec-1.0.1.tgz",
      "integrity": "sha512-wxVoanmDeavXie1vu2JaQ3WIc3JZnWAOYFBsJyATaVsXsycKYUflGsyBmrRSnoCpZJpwPyr38VpgSUlQ8CbFxg=="
    },
    "temporal-utils": {
      "version": "1.0.1",
      "resolved": "https://registry.npmjs.org/temporal-utils/-/temporal-utils-1.0.1.tgz",
      "integrity": "sha512-HAixuesxFQIUaQk3ptX2jhfO/FsOkgVkDDMawvp6n/fkB1q6BKfs3lURw9I+pK/2e2e/q/vrLrxmeqauBoyGMQ=="
    },
    "tslib": {
      "version": "2.8.1",
      "resolved": "https://registry.npmjs.org/tslib/-/tslib-2.8.1.tgz",
      "integrity": "sha512-oJFu94HQb+KVduSUQL7wnpmqnfmLsOA/nAh6b6EH0wCEoK0/mPeXU6c3wKDV83MkOuHPRHtSXKKU99IBazS/2w=="
    }
  }
}
